
Microsoft Visual Studio Solution File, Format Version 12.00
# Visual Studio Version 17
VisualStudioVersion = 17.10.35027.167
MinimumVisualStudioVersion = 10.0.40219.1
Project("{FAE04EC0-301F-11D3-BF4B-00C04F79EFBC}") = "!consoleWeb", "!consoleWeb\!consoleWeb.csproj", "{10884BC8-34F5-44C1-BE89-BF24FABB9300}"
EndProject
Global
	GlobalSection(SolutionConfigurationPlatforms) = preSolution
		Debug|Any CPU = Debug|Any CPU
		Release|Any CPU = Release|Any CPU
	EndGlobalSection
	GlobalSection(ProjectConfigurationPlatforms) = postSolution
		{10884BC8-34F5-44C1-BE89-BF24FABB9300}.Debug|Any CPU.ActiveCfg = Debug|Any CPU
		{10884BC8-34F5-44C1-BE89-BF24FABB9300}.Debug|Any CPU.Build.0 = Debug|Any CPU
		{10884BC8-34F5-44C1-BE89-BF24FABB9300}.Release|Any CPU.ActiveCfg = Release|Any CPU
		{10884BC8-34F5-44C1-BE89-BF24FABB9300}.Release|Any CPU.Build.0 = Release|Any CPU
	EndGlobalSection
	GlobalSection(SolutionProperties) = preSolution
		HideSolutionNode = FALSE
	EndGlobalSection
	GlobalSection(ExtensibilityGlobals) = postSolution
		SolutionGuid = {81D12105-F70F-4B05-AFFE-E0D7ED0D0E2B}
	EndGlobalSection
EndGlobal
